
Microsoft Visual Studio Solution File, Format Version 12.00
# Visual Studio Version 17
VisualStudioVersion = 17.7.34221.43
MinimumVisualStudioVersion = 10.0.40219.1
Project("{FAE04EC0-301F-11D3-BF4B-00C04F79EFBC}") = "CRUDTEST", "CRUDTEST\CRUDTEST.csproj", "{709A0710-B61E-43A4-A4D0-7D74DAF5E6A5}"
EndProject
Global
	GlobalSection(SolutionConfigurationPlatforms) = preSolution
		Debug|Any CPU = Debug|Any CPU
		Release|Any CPU = Release|Any CPU
	EndGlobalSection
	GlobalSection(ProjectConfigurationPlatforms) = postSolution
		{709A0710-B61E-43A4-A4D0-7D74DAF5E6A5}.Debug|Any CPU.ActiveCfg = Debug|Any CPU
		{709A0710-B61E-43A4-A4D0-7D74DAF5E6A5}.Debug|Any CPU.Build.0 = Debug|Any CPU
		{709A0710-B61E-43A4-A4D0-7D74DAF5E6A5}.Release|Any CPU.ActiveCfg = Release|Any CPU
		{709A0710-B61E-43A4-A4D0-7D74DAF5E6A5}.Release|Any CPU.Build.0 = Release|Any CPU
	EndGlobalSection
	GlobalSection(SolutionProperties) = preSolution
		HideSolutionNode = FALSE
	EndGlobalSection
	GlobalSection(ExtensibilityGlobals) = postSolution
		SolutionGuid = {44218106-8263-431E-AE58-0BBB58562966}
	EndGlobalSection
EndGlobal
